// !$*UTF8*$!
{
	archiveVersion = 1;
	classes = {
	};
	objectVersion = 50;
	objects = {

/* Begin PBXBuildFile section */
		44ABBA3820EC16B300A73AFF /* AppDelegate.swift in Sources */ = {isa = PBXBuildFile; fileRef = 44ABBA3720EC16B300A73AFF /* AppDelegate.swift */; };
		44ABBA3A20EC16B300A73AFF /* ViewController.swift in Sources */ = {isa = PBXBuildFile; fileRef = 44ABBA3920EC16B300A73AFF /* ViewController.swift */; };
		44ABBA3D20EC16B300A73AFF /* Main.storyboard in Resources */ = {isa = PBXBuildFile; fileRef = 44ABBA3B20EC16B300A73AFF /* Main.storyboard */; };
		44ABBA3F20EC16B500A73AFF /* Assets.xcassets in Resources */ = {isa = PBXBuildFile; fileRef = 44ABBA3E20EC16B500A73AFF /* Assets.xcassets */; };
		44ABBA4220EC16B500A73AFF /* LaunchScreen.storyboard in Resources */ = {isa = PBXBuildFile; fileRef = 44ABBA4020EC16B500A73AFF /* LaunchScreen.storyboard */; };
		44ABBA4D20EC16B500A73AFF /* PitchInventorTests.swift in Sources */ = {isa = PBXBuildFile; fileRef = 44ABBA4C20EC16B500A73AFF /* PitchInventorTests.swift */; };
		44ABBA5820EC16B500A73AFF /* PitchInventorUITests.swift in Sources */ = {isa = PBXBuildFile; fileRef = 44ABBA5720EC16B500A73AFF /* PitchInventorUITests.swift */; };
/* End PBXBuildFile section */

/* Begin PBXContainerItemProxy section */
		44ABBA4920EC16B500A73AFF /* PBXContainerItemProxy */ = {
			isa = PBXContainerItemProxy;
			containerPortal = 44ABBA2C20EC16B300A73AFF /* Project object */;
			proxyType = 1;
			remoteGlobalIDString = 44ABBA3320EC16B300A73AFF;
			remoteInfo = PitchInventor;
		};
		44ABBA5420EC16B500A73AFF /* PBXContainerItemProxy */ = {
			isa = PBXContainerItemProxy;
			containerPortal = 44ABBA2C20EC16B300A73AFF /* Project object */;
			proxyType = 1;
			remoteGlobalIDString = 44ABBA3320EC16B300A73AFF;
			remoteInfo = PitchInventor;
		};
/* End PBXContainerItemProxy section */

/* Begin PBXFileReference section */
		44ABBA3420EC16B300A73AFF /* PitchInventor.app */ = {isa = PBXFileReference; explicitFileType = wrapper.application; includeInIndex = 0; path = PitchInventor.app; sourceTree = BUILT_PRODUCTS_DIR; };
		44ABBA3720EC16B300A73AFF /* AppDelegate.swift */ = {isa = PBXFileReference; lastKnownFileType = sourcecode.swift; path = AppDelegate.swift; sourceTree = "<group>"; };
		44ABBA3920EC16B300A73AFF /* ViewController.swift */ = {isa = PBXFileReference; lastKnownFileType = sourcecode.swift; path = ViewController.swift; sourceTree = "<group>"; };
		44ABBA3C20EC16B300A73AFF /* Base */ = {isa = PBXFileReference; lastKnownFileType = file.storyboard; name = Base; path = Base.lproj/Main.storyboard; sourceTree = "<group>"; };
		44ABBA3E20EC16B500A73AFF /* Assets.xcassets */ = {isa = PBXFileReference; lastKnownFileType = folder.assetcatalog; path = Assets.xcassets; sourceTree = "<group>"; };
		44ABBA4120EC16B500A73AFF /* Base */ = {isa = PBXFileReference; lastKnownFileType = file.storyboard; name = Base; path = Base.lproj/LaunchScreen.storyboard; sourceTree = "<group>"; };
		44ABBA4320EC16B500A73AFF /* Info.plist */ = {isa = PBXFileReference; lastKnownFileType = text.plist.xml; path = Info.plist; sourceTree = "<group>"; };
		44ABBA4820EC16B500A73AFF /* PitchInventorTests.xctest */ = {isa = PBXFileReference; explicitFileType = wrapper.cfbundle; includeInIndex = 0; path = PitchInventorTests.xctest; sourceTree = BUILT_PRODUCTS_DIR; };
		44ABBA4C20EC16B500A73AFF /* PitchInventorTests.swift */ = {isa = PBXFileReference; lastKnownFileType = sourcecode.swift; path = PitchInventorTests.swift; sourceTree = "<group>"; };
		44ABBA4E20EC16B500A73AFF /* Info.plist */ = {isa = PBXFileReference; lastKnownFileType = text.plist.xml; path = Info.plist; sourceTree = "<group>"; };
		44ABBA5320EC16B500A73AFF /* PitchInventorUITests.xctest */ = {isa = PBXFileReference; explicitFileType = wrapper.cfbundle; includeInIndex = 0; path = PitchInventorUITests.xctest; sourceTree = BUILT_PRODUCTS_DIR; };
		44ABBA5720EC16B500A73AFF /* PitchInventorUITests.swift */ = {isa = PBXFileReference; lastKnownFileType = sourcecode.swift; path = PitchInventorUITests.swift; sourceTree = "<group>"; };
		44ABBA5920EC16B500A73AFF /* Info.plist */ = {isa = PBXFileReference; lastKnownFileType = text.plist.xml; path = Info.plist; sourceTree = "<group>"; };
/* End PBXFileReference section */

/* Begin PBXFrameworksBuildPhase section */
		44ABBA3120EC16B300A73AFF /* Frameworks */ = {
			isa = PBXFrameworksBuildPhase;
			buildActionMask = 2147483647;
			files = (
			);
			runOnlyForDeploymentPostprocessing = 0;
		};
		44ABBA4520EC16B500A73AFF /* Frameworks */ = {
			isa = PBXFrameworksBuildPhase;
			buildActionMask = 2147483647;
			files = (
			);
			runOnlyForDeploymentPostprocessing = 0;
		};
		44ABBA5020EC16B500A73AFF /* Frameworks */ = {
			isa = PBXFrameworksBuildPhase;
			buildActionMask = 2147483647;
			files = (
			);
			runOnlyForDeploymentPostprocessing = 0;
		};
/* End PBXFrameworksBuildPhase section */

/* Begin PBXGroup section */
		44ABBA2B20EC16B300A73AFF = {
			isa = PBXGroup;
			children = (
				44ABBA3620EC16B300A73AFF /* PitchInventor */,
				44ABBA4B20EC16B500A73AFF /* PitchInventorTests */,
				44ABBA5620EC16B500A73AFF /* PitchInventorUITests */,
				44ABBA3520EC16B300A73AFF /* Products */,
			);
			sourceTree = "<group>";
		};
		44ABBA3520EC16B300A73AFF /* Products */ = {
			isa = PBXGroup;
			children = (
				44ABBA3420EC16B300A73AFF /* PitchInventor.app */,
				44ABBA4820EC16B500A73AFF /* PitchInventorTests.xctest */,
				44ABBA5320EC16B500A73AFF /* PitchInventorUITests.xctest */,
			);
			name = Products;
			sourceTree = "<group>";
		};
		44ABBA3620EC16B300A73AFF /* PitchInventor */ = {
			isa = PBXGroup;
			children = (
				44ABBA3720EC16B300A73AFF /* AppDelegate.swift */,
				44ABBA3920EC16B300A73AFF /* ViewController.swift */,
				44ABBA3B20EC16B300A73AFF /* Main.storyboard */,
				44ABBA3E20EC16B500A73AFF /* Assets.xcassets */,
				44ABBA4020EC16B500A73AFF /* LaunchScreen.storyboard */,
				44ABBA4320EC16B500A73AFF /* Info.plist */,
			);
			path = PitchInventor;
			sourceTree = "<group>";
		};
		44ABBA4B20EC16B500A73AFF /* PitchInventorTests */ = {
			isa = PBXGroup;
			children = (
				44ABBA4C20EC16B500A73AFF /* PitchInventorTests.swift */,
				44ABBA4E20EC16B500A73AFF /* Info.plist */,
			);
			path = PitchInventorTests;
			sourceTree = "<group>";
		};
		44ABBA5620EC16B500A73AFF /* PitchInventorUITests */ = {
			isa = PBXGroup;
			children = (
				44ABBA5720EC16B500A73AFF /* PitchInventorUITests.swift */,
				44ABBA5920EC16B500A73AFF /* Info.plist */,
			);
			path = PitchInventorUITests;
			sourceTree = "<group>";
		};
/* End PBXGroup section */

/* Begin PBXNativeTarget section */
		44ABBA3320EC16B300A73AFF /* PitchInventor */ = {
			isa = PBXNativeTarget;
			buildConfigurationList = 44ABBA5C20EC16B500A73AFF /* Build configuration list for PBXNativeTarget "PitchInventor" */;
			buildPhases = (
				44ABBA3020EC16B300A73AFF /* Sources */,
				44ABBA3120EC16B300A73AFF /* Frameworks */,
				44ABBA3220EC16B300A73AFF /* Resources */,
			);
			buildRules = (
			);
			dependencies = (
			);
			name = PitchInventor;
			productName = PitchInventor;
			productReference = 44ABBA3420EC16B300A73AFF /* PitchInventor.app */;
			productType = "com.apple.product-type.application";
		};
		44ABBA4720EC16B500A73AFF /* PitchInventorTests */ = {
			isa = PBXNativeTarget;
			buildConfigurationList = 44ABBA5F20EC16B500A73AFF /* Build configuration list for PBXNativeTarget "PitchInventorTests" */;
			buildPhases = (
				44ABBA4420EC16B500A73AFF /* Sources */,
				44ABBA4520EC16B500A73AFF /* Frameworks */,
				44ABBA4620EC16B500A73AFF /* Resources */,
			);
			buildRules = (
			);
			dependencies = (
				44ABBA4A20EC16B500A73AFF /* PBXTargetDependency */,
			);
			name = PitchInventorTests;
			productName = PitchInventorTests;
			productReference = 44ABBA4820EC16B500A73AFF /* PitchInventorTests.xctest */;
			productType = "com.apple.product-type.bundle.unit-test";
		};
		44ABBA5220EC16B500A73AFF /* PitchInventorUITests */ = {
			isa = PBXNativeTarget;
			buildConfigurationList = 44ABBA6220EC16B500A73AFF /* Build configuration list for PBXNativeTarget "PitchInventorUITests" */;
			buildPhases = (
				44ABBA4F20EC16B500A73AFF /* Sources */,
				44ABBA5020EC16B500A73AFF /* Frameworks */,
				44ABBA5120EC16B500A73AFF /* Resources */,
			);
			buildRules = (
			);
			dependencies = (
				44ABBA5520EC16B500A73AFF /* PBXTargetDependency */,
			);
			name = PitchInventorUITests;
			productName = PitchInventorUITests;
			productReference = 44ABBA5320EC16B500A73AFF /* PitchInventorUITests.xctest */;
			productType = "com.apple.product-type.bundle.ui-testing";
		};
/* End PBXNativeTarget section */

/* Begin PBXProject section */
		44ABBA2C20EC16B300A73AFF /* Project object */ = {
			isa = PBXProject;
			attributes = {
				LastSwiftUpdateCheck = 0940;
				LastUpgradeCheck = 0940;
				ORGANIZATIONNAME = MakeSchool;
				TargetAttributes = {
					44ABBA3320EC16B300A73AFF = {
						CreatedOnToolsVersion = 9.4.1;
					};
					44ABBA4720EC16B500A73AFF = {
						CreatedOnToolsVersion = 9.4.1;
						TestTargetID = 44ABBA3320EC16B300A73AFF;
					};
					44ABBA5220EC16B500A73AFF = {
						CreatedOnToolsVersion = 9.4.1;
						TestTargetID = 44ABBA3320EC16B300A73AFF;
					};
				};
			};
			buildConfigurationList = 44ABBA2F20EC16B300A73AFF /* Build configuration list for PBXProject "PitchInventor" */;
			compatibilityVersion = "Xcode 9.3";
			developmentRegion = en;
			hasScannedForEncodings = 0;
			knownRegions = (
				en,
				Base,
			);
			mainGroup = 44ABBA2B20EC16B300A73AFF;
			productRefGroup = 44ABBA3520EC16B300A73AFF /* Products */;
			projectDirPath = "";
			projectRoot = "";
			targets = (
				44ABBA3320EC16B300A73AFF /* PitchInventor */,
				44ABBA4720EC16B500A73AFF /* PitchInventorTests */,
				44ABBA5220EC16B500A73AFF /* PitchInventorUITests */,
			);
		};
/* End PBXProject section */

/* Begin PBXResourcesBuildPhase section */
		44ABBA3220EC16B300A73AFF /* Resources */ = {
			isa = PBXResourcesBuildPhase;
			buildActionMask = 2147483647;
			files = (
				44ABBA4220EC16B500A73AFF /* LaunchScreen.storyboard in Resources */,
				44ABBA3F20EC16B500A73AFF /* Assets.xcassets in Resources */,
				44ABBA3D20EC16B300A73AFF /* Main.storyboard in Resources */,
			);
			runOnlyForDeploymentPostprocessing = 0;
		};
		44ABBA4620EC16B500A73AFF /* Resources */ = {
			isa = PBXResourcesBuildPhase;
			buildActionMask = 2147483647;
			files = (
			);
			runOnlyForDeploymentPostprocessing = 0;
		};
		44ABBA5120EC16B500A73AFF /* Resources */ = {
			isa = PBXResourcesBuildPhase;
			buildActionMask = 2147483647;
			files = (
			);
			runOnlyForDeploymentPostprocessing = 0;
		};
/* End PBXResourcesBuildPhase section */

/* Begin PBXSourcesBuildPhase section */
		44ABBA3020EC16B300A73AFF /* Sources */ = {
			isa = PBXSourcesBuildPhase;
			buildActionMask = 2147483647;
			files = (
				44ABBA3A20EC16B300A73AFF /* ViewController.swift in Sources */,
				44ABBA3820EC16B300A73AFF /* AppDelegate.swift in Sources */,
			);
			runOnlyForDeploymentPostprocessing = 0;
		};
		44ABBA4420EC16B500A73AFF /* Sources */ = {
			isa = PBXSourcesBuildPhase;
			buildActionMask = 2147483647;
			files = (
				44ABBA4D20EC16B500A73AFF /* PitchInventorTests.swift in Sources */,
			);
			runOnlyForDeploymentPostprocessing = 0;
		};
		44ABBA4F20EC16B500A73AFF /* Sources */ = {
			isa = PBXSourcesBuildPhase;
			buildActionMask = 2147483647;
			files = (
				44ABBA5820EC16B500A73AFF /* PitchInventorUITests.swift in Sources */,
			);
			runOnlyForDeploymentPostprocessing = 0;
		};
/* End PBXSourcesBuildPhase section */

/* Begin PBXTargetDependency section */
		44ABBA4A20EC16B500A73AFF /* PBXTargetDependency */ = {
			isa = PBXTargetDependency;
			target = 44ABBA3320EC16B300A73AFF /* PitchInventor */;
			targetProxy = 44ABBA4920EC16B500A73AFF /* PBXContainerItemProxy */;
		};
		44ABBA5520EC16B500A73AFF /* PBXTargetDependency */ = {
			isa = PBXTargetDependency;
			target = 44ABBA3320EC16B300A73AFF /* PitchInventor */;
			targetProxy = 44ABBA5420EC16B500A73AFF /* PBXContainerItemProxy */;
		};
/* End PBXTargetDependency section */

/* Begin PBXVariantGroup section */
		44ABBA3B20EC16B300A73AFF /* Main.storyboard */ = {
			isa = PBXVariantGroup;
			children = (
				44ABBA3C20EC16B300A73AFF /* Base */,
			);
			name = Main.storyboard;
			sourceTree = "<group>";
		};
		44ABBA4020EC16B500A73AFF /* LaunchScreen.storyboard */ = {
			isa = PBXVariantGroup;
			children = (
				44ABBA4120EC16B500A73AFF /* Base */,
			);
			name = LaunchScreen.storyboard;
			sourceTree = "<group>";
		};
/* End PBXVariantGroup section */

/* Begin XCBuildConfiguration section */
		44ABBA5A20EC16B500A73AFF /* Debug */ = {
			isa = XCBuildConfiguration;
			buildSettings = {
				ALWAYS_SEARCH_USER_PATHS = NO;
				CLANG_ANALYZER_NONNULL = YES;
				CLANG_ANALYZER_NUMBER_OBJECT_CONVERSION = YES_AGGRESSIVE;
				CLANG_CXX_LANGUAGE_STANDARD = "gnu++14";
				CLANG_CXX_LIBRARY = "libc++";
				CLANG_ENABLE_MODULES = YES;
				CLANG_ENABLE_OBJC_ARC = YES;
				CLANG_ENABLE_OBJC_WEAK = YES;
				CLANG_WARN_BLOCK_CAPTURE_AUTORELEASING = YES;
				CLANG_WARN_BOOL_CONVERSION = YES;
				CLANG_WARN_COMMA = YES;
				CLANG_WARN_CONSTANT_CONVERSION = YES;
				CLANG_WARN_DEPRECATED_OBJC_IMPLEMENTATIONS = YES;
				CLANG_WARN_DIRECT_OBJC_ISA_USAGE = YES_ERROR;
				CLANG_WARN_DOCUMENTATION_COMMENTS = YES;
				CLANG_WARN_EMPTY_BODY = YES;
				CLANG_WARN_ENUM_CONVERSION = YES;
				CLANG_WARN_INFINITE_RECURSION = YES;
				CLANG_WARN_INT_CONVERSION = YES;
				CLANG_WARN_NON_LITERAL_NULL_CONVERSION = YES;
				CLANG_WARN_OBJC_IMPLICIT_RETAIN_SELF = YES;
				CLANG_WARN_OBJC_LITERAL_CONVERSION = YES;
				CLANG_WARN_OBJC_ROOT_CLASS = YES_ERROR;
				CLANG_WARN_RANGE_LOOP_ANALYSIS = YES;
				CLANG_WARN_STRICT_PROTOTYPES = YES;
				CLANG_WARN_SUSPICIOUS_MOVE = YES;
				CLANG_WARN_UNGUARDED_AVAILABILITY = YES_AGGRESSIVE;
				CLANG_WARN_UNREACHABLE_CODE = YES;
				CLANG_WARN__DUPLICATE_METHOD_MATCH = YES;
				CODE_SIGN_IDENTITY = "iPhone Developer";
				COPY_PHASE_STRIP = NO;
				DEBUG_INFORMATION_FORMAT = dwarf;
				ENABLE_STRICT_OBJC_MSGSEND = YES;
				ENABLE_TESTABILITY = YES;
				GCC_C_LANGUAGE_STANDARD = gnu11;
				GCC_DYNAMIC_NO_PIC = NO;
				GCC_NO_COMMON_BLOCKS = YES;
				GCC_OPTIMIZATION_LEVEL = 0;
				GCC_PREPROCESSOR_DEFINITIONS = (
					"DEBUG=1",
					"$(inherited)",
				);
				GCC_WARN_64_TO_32_BIT_CONVERSION = YES;
				GCC_WARN_ABOUT_RETURN_TYPE = YES_ERROR;
				GCC_WARN_UNDECLARED_SELECTOR = YES;
				GCC_WARN_UNINITIALIZED_AUTOS = YES_AGGRESSIVE;
				GCC_WARN_UNUSED_FUNCTION = YES;
				GCC_WARN_UNUSED_VARIABLE = YES;
				IPHONEOS_DEPLOYMENT_TARGET = 11.4;
				MTL_ENABLE_DEBUG_INFO = YES;
				ONLY_ACTIVE_ARCH = YES;
				SDKROOT = iphoneos;
				SWIFT_ACTIVE_COMPILATION_CONDITIONS = DEBUG;
				SWIFT_OPTIMIZATION_LEVEL = "-Onone";
			};
			name = Debug;
		};
		44ABBA5B20EC16B500A73AFF /* Release */ = {
			isa = XCBuildConfiguration;
			buildSettings = {
				ALWAYS_SEARCH_USER_PATHS = NO;
				CLANG_ANALYZER_NONNULL = YES;
				CLANG_ANALYZER_NUMBER_OBJECT_CONVERSION = YES_AGGRESSIVE;
				CLANG_CXX_LANGUAGE_STANDARD = "gnu++14";
				CLANG_CXX_LIBRARY = "libc++";
				CLANG_ENABLE_MODULES = YES;
				CLANG_ENABLE_OBJC_ARC = YES;
				CLANG_ENABLE_OBJC_WEAK = YES;
				CLANG_WARN_BLOCK_CAPTURE_AUTORELEASING = YES;
				CLANG_WARN_BOOL_CONVERSION = YES;
				CLANG_WARN_COMMA = YES;
				CLANG_WARN_CONSTANT_CONVERSION = YES;
				CLANG_WARN_DEPRECATED_OBJC_IMPLEMENTATIONS = YES;
				CLANG_WARN_DIRECT_OBJC_ISA_USAGE = YES_ERROR;
				CLANG_WARN_DOCUMENTATION_COMMENTS = YES;
				CLANG_WARN_EMPTY_BODY = YES;
				CLANG_WARN_ENUM_CONVERSION = YES;
				CLANG_WARN_INFINITE_RECURSION = YES;
				CLANG_WARN_INT_CONVERSION = YES;
				CLANG_WARN_NON_LITERAL_NULL_CONVERSION = YES;
				CLANG_WARN_OBJC_IMPLICIT_RETAIN_SELF = YES;
				CLANG_WARN_OBJC_LITERAL_CONVERSION = YES;
				CLANG_WARN_OBJC_ROOT_CLASS = YES_ERROR;
				CLANG_WARN_RANGE_LOOP_ANALYSIS = YES;
				CLANG_WARN_STRICT_PROTOTYPES = YES;
				CLANG_WARN_SUSPICIOUS_MOVE = YES;
				CLANG_WARN_UNGUARDED_AVAILABILITY = YES_AGGRESSIVE;
				CLANG_WARN_UNREACHABLE_CODE = YES;
				CLANG_WARN__DUPLICATE_METHOD_MATCH = YES;
				CODE_SIGN_IDENTITY = "iPhone Developer";
				COPY_PHASE_STRIP = NO;
				DEBUG_INFORMATION_FORMAT = "dwarf-with-dsym";
				ENABLE_NS_ASSERTIONS = NO;
				ENABLE_STRICT_OBJC_MSGSEND = YES;
				GCC_C_LANGUAGE_STANDARD = gnu11;
				GCC_NO_COMMON_BLOCKS = YES;
				GCC_WARN_64_TO_32_BIT_CONVERSION = YES;
				GCC_WARN_ABOUT_RETURN_TYPE = YES_ERROR;
				GCC_WARN_UNDECLARED_SELECTOR = YES;
				GCC_WARN_UNINITIALIZED_AUTOS = YES_AGGRESSIVE;
				GCC_WARN_UNUSED_FUNCTION = YES;
				GCC_WARN_UNUSED_VARIABLE = YES;
				IPHONEOS_DEPLOYMENT_TARGET = 11.4;
				MTL_ENABLE_DEBUG_INFO = NO;
				SDKROOT = iphoneos;
				SWIFT_COMPILATION_MODE = wholemodule;
				SWIFT_OPTIMIZATION_LEVEL = "-O";
				VALIDATE_PRODUCT = YES;
			};
			name = Release;
		};
		44ABBA5D20EC16B500A73AFF /* Debug */ = {
			isa = XCBuildConfiguration;
			buildSettings = {
				ASSETCATALOG_COMPILER_APPICON_NAME = AppIcon;
				CODE_SIGN_STYLE = Automatic;
				DEVELOPMENT_TEAM = 8MXTC6QBRL;
				INFOPLIST_FILE = PitchInventor/Info.plist;
				LD_RUNPATH_SEARCH_PATHS = (
					"$(inherited)",
					"@executable_path/Frameworks",
				);
				PRODUCT_BUNDLE_IDENTIFIER = MakeSchool.PitchInventor;
				PRODUCT_NAME = "$(TARGET_NAME)";
				SWIFT_VERSION = 4.0;
				TARGETED_DEVICE_FAMILY = "1,2";
			};
			name = Debug;
		};
		44ABBA5E20EC16B500A73AFF /* Release */ = {
			isa = XCBuildConfiguration;
			buildSettings = {
				ASSETCATALOG_COMPILER_APPICON_NAME = AppIcon;
				CODE_SIGN_STYLE = Automatic;
				DEVELOPMENT_TEAM = 8MXTC6QBRL;
				INFOPLIST_FILE = PitchInventor/Info.plist;
				LD_RUNPATH_SEARCH_PATHS = (
					"$(inherited)",
					"@executable_path/Frameworks",
				);
				PRODUCT_BUNDLE_IDENTIFIER = MakeSchool.PitchInventor;
				PRODUCT_NAME = "$(TARGET_NAME)";
				SWIFT_VERSION = 4.0;
				TARGETED_DEVICE_FAMILY = "1,2";
			};
			name = Release;
		};
		44ABBA6020EC16B500A73AFF /* Debug */ = {
			isa = XCBuildConfiguration;
			buildSettings = {
				ALWAYS_EMBED_SWIFT_STANDARD_LIBRARIES = YES;
				BUNDLE_LOADER = "$(TEST_HOST)";
				CODE_SIGN_STYLE = Automatic;
				DEVELOPMENT_TEAM = 8MXTC6QBRL;
				INFOPLIST_FILE = PitchInventorTests/Info.plist;
				LD_RUNPATH_SEARCH_PATHS = (
					"$(inherited)",
					"@executable_path/Frameworks",
					"@loader_path/Frameworks",
				);
				PRODUCT_BUNDLE_IDENTIFIER = MakeSchool.PitchInventorTests;
				PRODUCT_NAME = "$(TARGET_NAME)";
				SWIFT_VERSION = 4.0;
				TARGETED_DEVICE_FAMILY = "1,2";
				TEST_HOST = "$(BUILT_PRODUCTS_DIR)/PitchInventor.app/PitchInventor";
			};
			name = Debug;
		};
		44ABBA6120EC16B500A73AFF /* Release */ = {
			isa = XCBuildConfiguration;
			buildSettings = {
				ALWAYS_EMBED_SWIFT_STANDARD_LIBRARIES = YES;
				BUNDLE_LOADER = "$(TEST_HOST)";
				CODE_SIGN_STYLE = Automatic;
				DEVELOPMENT_TEAM = 8MXTC6QBRL;
				INFOPLIST_FILE = PitchInventorTests/Info.plist;
				LD_RUNPATH_SEARCH_PATHS = (
					"$(inherited)",
					"@executable_path/Frameworks",
					"@loader_path/Frameworks",
				);
				PRODUCT_BUNDLE_IDENTIFIER = MakeSchool.PitchInventorTests;
				PRODUCT_NAME = "$(TARGET_NAME)";
				SWIFT_VERSION = 4.0;
				TARGETED_DEVICE_FAMILY = "1,2";
				TEST_HOST = "$(BUILT_PRODUCTS_DIR)/PitchInventor.app/PitchInventor";
			};
			name = Release;
		};
		44ABBA6320EC16B500A73AFF /* Debug */ = {
			isa = XCBuildConfiguration;
			buildSettings = {
				ALWAYS_EMBED_SWIFT_STANDARD_LIBRARIES = YES;
				CODE_SIGN_STYLE = Automatic;
				DEVELOPMENT_TEAM = 8MXTC6QBRL;
				INFOPLIST_FILE = PitchInventorUITests/Info.plist;
				LD_RUNPATH_SEARCH_PATHS = (
					"$(inherited)",
					"@executable_path/Frameworks",
					"@loader_path/Frameworks",
				);
				PRODUCT_BUNDLE_IDENTIFIER = MakeSchool.PitchInventorUITests;
				PRODUCT_NAME = "$(TARGET_NAME)";
				SWIFT_VERSION = 4.0;
				TARGETED_DEVICE_FAMILY = "1,2";
				TEST_TARGET_NAME = PitchInventor;
			};
			name = Debug;
		};
		44ABBA6420EC16B500A73AFF /* Release */ = {
			isa = XCBuildConfiguration;
			buildSettings = {
				ALWAYS_EMBED_SWIFT_STANDARD_LIBRARIES = YES;
				CODE_SIGN_STYLE = Automatic;
				DEVELOPMENT_TEAM = 8MXTC6QBRL;
				INFOPLIST_FILE = PitchInventorUITests/Info.plist;
				LD_RUNPATH_SEARCH_PATHS = (
					"$(inherited)",
					"@executable_path/Frameworks",
					"@loader_path/Frameworks",
				);
				PRODUCT_BUNDLE_IDENTIFIER = MakeSchool.PitchInventorUITests;
				PRODUCT_NAME = "$(TARGET_NAME)";
				SWIFT_VERSION = 4.0;
				TARGETED_DEVICE_FAMILY = "1,2";
				TEST_TARGET_NAME = PitchInventor;
			};
			name = Release;
		};
/* End XCBuildConfiguration section */

/* Begin XCConfigurationList section */
		44ABBA2F20EC16B300A73AFF /* Build configuration list for PBXProject "PitchInventor" */ = {
			isa = XCConfigurationList;
			buildConfigurations = (
				44ABBA5A20EC16B500A73AFF /* Debug */,
				44ABBA5B20EC16B500A73AFF /* Release */,
			);
			defaultConfigurationIsVisible = 0;
			defaultConfigurationName = Release;
		};
		44ABBA5C20EC16B500A73AFF /* Build configuration list for PBXNativeTarget "PitchInventor" */ = {
			isa = XCConfigurationList;
			buildConfigurations = (
				44ABBA5D20EC16B500A73AFF /* Debug */,
				44ABBA5E20EC16B500A73AFF /* Release */,
			);
			defaultConfigurationIsVisible = 0;
			defaultConfigurationName = Release;
		};
		44ABBA5F20EC16B500A73AFF /* Build configuration list for PBXNativeTarget "PitchInventorTests" */ = {
			isa = XCConfigurationList;
			buildConfigurations = (
				44ABBA6020EC16B500A73AFF /* Debug */,
				44ABBA6120EC16B500A73AFF /* Release */,
			);
			defaultConfigurationIsVisible = 0;
			defaultConfigurationName = Release;
		};
		44ABBA6220EC16B500A73AFF /* Build configuration list for PBXNativeTarget "PitchInventorUITests" */ = {
			isa = XCConfigurationList;
			buildConfigurations = (
				44ABBA6320EC16B500A73AFF /* Debug */,
				44ABBA6420EC16B500A73AFF /* Release */,
			);
			defaultConfigurationIsVisible = 0;
			defaultConfigurationName = Release;
		};
/* End XCConfigurationList section */
	};
	rootObject = 44ABBA2C20EC16B300A73AFF /* Project object */;
}
